// !$*UTF8*$!
{
	archiveVersion = 1;
	classes = {
	};
	objectVersion = 46;
	objects = {

/* Begin PBXBuildFile section */
		7FAD146D1921BC5F001EF818 /* Foundation.framework in Frameworks */ = {isa = PBXBuildFile; fileRef = 7FAD146C1921BC5F001EF818 /* Foundation.framework */; };
		7FAD146F1921BC5F001EF818 /* CoreGraphics.framework in Frameworks */ = {isa = PBXBuildFile; fileRef = 7FAD146E1921BC5F001EF818 /* CoreGraphics.framework */; };
		7FAD14711921BC5F001EF818 /* UIKit.framework in Frameworks */ = {isa = PBXBuildFile; fileRef = 7FAD14701921BC5F001EF818 /* UIKit.framework */; };
		7FAD14771921BC5F001EF818 /* InfoPlist.strings in Resources */ = {isa = PBXBuildFile; fileRef = 7FAD14751921BC5F001EF818 /* InfoPlist.strings */; };
		7FAD14791921BC5F001EF818 /* main.m in Sources */ = {isa = PBXBuildFile; fileRef = 7FAD14781921BC5F001EF818 /* main.m */; };
		7FAD147D1921BC5F001EF818 /* AppDelegate.m in Sources */ = {isa = PBXBuildFile; fileRef = 7FAD147C1921BC5F001EF818 /* AppDelegate.m */; };
		7FAD14801921BC5F001EF818 /* Main.storyboard in Resources */ = {isa = PBXBuildFile; fileRef = 7FAD147E1921BC5F001EF818 /* Main.storyboard */; };
		7FAD14831921BC5F001EF818 /* ViewController.m in Sources */ = {isa = PBXBuildFile; fileRef = 7FAD14821921BC5F001EF818 /* ViewController.m */; };
		7FAD14851921BC5F001EF818 /* Images.xcassets in Resources */ = {isa = PBXBuildFile; fileRef = 7FAD14841921BC5F001EF818 /* Images.xcassets */; };
		7FAD148C1921BC5F001EF818 /* XCTest.framework in Frameworks */ = {isa = PBXBuildFile; fileRef = 7FAD148B1921BC5F001EF818 /* XCTest.framework */; };
		7FAD148D1921BC5F001EF818 /* Foundation.framework in Frameworks */ = {isa = PBXBuildFile; fileRef = 7FAD146C1921BC5F001EF818 /* Foundation.framework */; };
		7FAD148E1921BC5F001EF818 /* UIKit.framework in Frameworks */ = {isa = PBXBuildFile; fileRef = 7FAD14701921BC5F001EF818 /* UIKit.framework */; };
		7FAD14961921BC5F001EF818 /* InfoPlist.strings in Resources */ = {isa = PBXBuildFile; fileRef = 7FAD14941921BC5F001EF818 /* InfoPlist.strings */; };
		7FAD14981921BC5F001EF818 /* RadioButtonDemoTests.m in Sources */ = {isa = PBXBuildFile; fileRef = 7FAD14971921BC5F001EF818 /* RadioButtonDemoTests.m */; };
		7FAD14A51921BC7C001EF818 /* RadioButton.m in Sources */ = {isa = PBXBuildFile; fileRef = 7FAD14A21921BC7C001EF818 /* RadioButton.m */; };
		7FAD14A91921BCCB001EF818 /* RadioButton-Selected.png in Resources */ = {isa = PBXBuildFile; fileRef = 7FAD14A71921BCCB001EF818 /* RadioButton-Selected.png */; };
		7FAD14AA1921BCCB001EF818 /* RadioButton-Unselected.png in Resources */ = {isa = PBXBuildFile; fileRef = 7FAD14A81921BCCB001EF818 /* RadioButton-Unselected.png */; };
/* End PBXBuildFile section */

/* Begin PBXContainerItemProxy section */
		7FAD148F1921BC5F001EF818 /* PBXContainerItemProxy */ = {
			isa = PBXContainerItemProxy;
			containerPortal = 7FAD14611921BC5F001EF818 /* Project object */;
			proxyType = 1;
			remoteGlobalIDString = 7FAD14681921BC5F001EF818;
			remoteInfo = RadioButtonDemo;
		};
/* End PBXContainerItemProxy section */

/* Begin PBXFileReference section */
		7FAD14691921BC5F001EF818 /* RadioButtonDemo.app */ = {isa = PBXFileReference; explicitFileType = wrapper.application; includeInIndex = 0; path = RadioButtonDemo.app; sourceTree = BUILT_PRODUCTS_DIR; };
		7FAD146C1921BC5F001EF818 /* Foundation.framework */ = {isa = PBXFileReference; lastKnownFileType = wrapper.framework; name = Foundation.framework; path = System/Library/Frameworks/Foundation.framework; sourceTree = SDKROOT; };
		7FAD146E1921BC5F001EF818 /* CoreGraphics.framework */ = {isa = PBXFileReference; lastKnownFileType = wrapper.framework; name = CoreGraphics.framework; path = System/Library/Frameworks/CoreGraphics.framework; sourceTree = SDKROOT; };
		7FAD14701921BC5F001EF818 /* UIKit.framework */ = {isa = PBXFileReference; lastKnownFileType = wrapper.framework; name = UIKit.framework; path = System/Library/Frameworks/UIKit.framework; sourceTree = SDKROOT; };
		7FAD14741921BC5F001EF818 /* RadioButtonDemo-Info.plist */ = {isa = PBXFileReference; lastKnownFileType = text.plist.xml; path = "RadioButtonDemo-Info.plist"; sourceTree = "<group>"; };
		7FAD14761921BC5F001EF818 /* en */ = {isa = PBXFileReference; lastKnownFileType = text.plist.strings; name = en; path = en.lproj/InfoPlist.strings; sourceTree = "<group>"; };
		7FAD14781921BC5F001EF818 /* main.m */ = {isa = PBXFileReference; lastKnownFileType = sourcecode.c.objc; path = main.m; sourceTree = "<group>"; };
		7FAD147A1921BC5F001EF818 /* RadioButtonDemo-Prefix.pch */ = {isa = PBXFileReference; lastKnownFileType = sourcecode.c.h; path = "RadioButtonDemo-Prefix.pch"; sourceTree = "<group>"; };
		7FAD147B1921BC5F001EF818 /* AppDelegate.h */ = {isa = PBXFileReference; lastKnownFileType = sourcecode.c.h; path = AppDelegate.h; sourceTree = "<group>"; };
		7FAD147C1921BC5F001EF818 /* AppDelegate.m */ = {isa = PBXFileReference; lastKnownFileType = sourcecode.c.objc; path = AppDelegate.m; sourceTree = "<group>"; };
		7FAD147F1921BC5F001EF818 /* Base */ = {isa = PBXFileReference; lastKnownFileType = file.storyboard; name = Base; path = Base.lproj/Main.storyboard; sourceTree = "<group>"; };
		7FAD14811921BC5F001EF818 /* ViewController.h */ = {isa = PBXFileReference; lastKnownFileType = sourcecode.c.h; path = ViewController.h; sourceTree = "<group>"; };
		7FAD14821921BC5F001EF818 /* ViewController.m */ = {isa = PBXFileReference; lastKnownFileType = sourcecode.c.objc; path = ViewController.m; sourceTree = "<group>"; };
		7FAD14841921BC5F001EF818 /* Images.xcassets */ = {isa = PBXFileReference; lastKnownFileType = folder.assetcatalog; path = Images.xcassets; sourceTree = "<group>"; };
		7FAD148A1921BC5F001EF818 /* RadioButtonDemoTests.xctest */ = {isa = PBXFileReference; explicitFileType = wrapper.cfbundle; includeInIndex = 0; path = RadioButtonDemoTests.xctest; sourceTree = BUILT_PRODUCTS_DIR; };
		7FAD148B1921BC5F001EF818 /* XCTest.framework */ = {isa = PBXFileReference; lastKnownFileType = wrapper.framework; name = XCTest.framework; path = Library/Frameworks/XCTest.framework; sourceTree = DEVELOPER_DIR; };
		7FAD14931921BC5F001EF818 /* RadioButtonDemoTests-Info.plist */ = {isa = PBXFileReference; lastKnownFileType = text.plist.xml; path = "RadioButtonDemoTests-Info.plist"; sourceTree = "<group>"; };
		7FAD14951921BC5F001EF818 /* en */ = {isa = PBXFileReference; lastKnownFileType = text.plist.strings; name = en; path = en.lproj/InfoPlist.strings; sourceTree = "<group>"; };
		7FAD14971921BC5F001EF818 /* RadioButtonDemoTests.m */ = {isa = PBXFileReference; lastKnownFileType = sourcecode.c.objc; path = RadioButtonDemoTests.m; sourceTree = "<group>"; };
		7FAD14A11921BC7C001EF818 /* RadioButton.h */ = {isa = PBXFileReference; fileEncoding = 4; lastKnownFileType = sourcecode.c.h; path = RadioButton.h; sourceTree = "<group>"; };
		7FAD14A21921BC7C001EF818 /* RadioButton.m */ = {isa = PBXFileReference; fileEncoding = 4; lastKnownFileType = sourcecode.c.objc; path = RadioButton.m; sourceTree = "<group>"; };
		7FAD14A71921BCCB001EF818 /* RadioButton-Selected.png */ = {isa = PBXFileReference; lastKnownFileType = image.png; path = "RadioButton-Selected.png"; sourceTree = "<group>"; };
		7FAD14A81921BCCB001EF818 /* RadioButton-Unselected.png */ = {isa = PBXFileReference; lastKnownFileType = image.png; path = "RadioButton-Unselected.png"; sourceTree = "<group>"; };
/* End PBXFileReference section */

/* Begin PBXFrameworksBuildPhase section */
		7FAD14661921BC5F001EF818 /* Frameworks */ = {
			isa = PBXFrameworksBuildPhase;
			buildActionMask = 2147483647;
			files = (
				7FAD146F1921BC5F001EF818 /* CoreGraphics.framework in Frameworks */,
				7FAD14711921BC5F001EF818 /* UIKit.framework in Frameworks */,
				7FAD146D1921BC5F001EF818 /* Foundation.framework in Frameworks */,
			);
			runOnlyForDeploymentPostprocessing = 0;
		};
		7FAD14871921BC5F001EF818 /* Frameworks */ = {
			isa = PBXFrameworksBuildPhase;
			buildActionMask = 2147483647;
			files = (
				7FAD148C1921BC5F001EF818 /* XCTest.framework in Frameworks */,
				7FAD148E1921BC5F001EF818 /* UIKit.framework in Frameworks */,
				7FAD148D1921BC5F001EF818 /* Foundation.framework in Frameworks */,
			);
			runOnlyForDeploymentPostprocessing = 0;
		};
/* End PBXFrameworksBuildPhase section */

/* Begin PBXGroup section */
		7FAD14601921BC5F001EF818 = {
			isa = PBXGroup;
			children = (
				7FAD14721921BC5F001EF818 /* RadioButtonDemo */,
				7FAD14911921BC5F001EF818 /* RadioButtonDemoTests */,
				7FAD146B1921BC5F001EF818 /* Frameworks */,
				7FAD146A1921BC5F001EF818 /* Products */,
			);
			sourceTree = "<group>";
		};
		7FAD146A1921BC5F001EF818 /* Products */ = {
			isa = PBXGroup;
			children = (
				7FAD14691921BC5F001EF818 /* RadioButtonDemo.app */,
				7FAD148A1921BC5F001EF818 /* RadioButtonDemoTests.xctest */,
			);
			name = Products;
			sourceTree = "<group>";
		};
		7FAD146B1921BC5F001EF818 /* Frameworks */ = {
			isa = PBXGroup;
			children = (
				7FAD146C1921BC5F001EF818 /* Foundation.framework */,
				7FAD146E1921BC5F001EF818 /* CoreGraphics.framework */,
				7FAD14701921BC5F001EF818 /* UIKit.framework */,
				7FAD148B1921BC5F001EF818 /* XCTest.framework */,
			);
			name = Frameworks;
			sourceTree = "<group>";
		};
		7FAD14721921BC5F001EF818 /* RadioButtonDemo */ = {
			isa = PBXGroup;
			children = (
				7FAD147B1921BC5F001EF818 /* AppDelegate.h */,
				7FAD147C1921BC5F001EF818 /* AppDelegate.m */,
				7FAD14A11921BC7C001EF818 /* RadioButton.h */,
				7FAD14A21921BC7C001EF818 /* RadioButton.m */,
				7FAD147E1921BC5F001EF818 /* Main.storyboard */,
				7FAD14811921BC5F001EF818 /* ViewController.h */,
				7FAD14821921BC5F001EF818 /* ViewController.m */,
				7FAD14A71921BCCB001EF818 /* RadioButton-Selected.png */,
				7FAD14A81921BCCB001EF818 /* RadioButton-Unselected.png */,
				7FAD14841921BC5F001EF818 /* Images.xcassets */,
				7FAD14731921BC5F001EF818 /* Supporting Files */,
			);
			path = RadioButtonDemo;
			sourceTree = "<group>";
		};
		7FAD14731921BC5F001EF818 /* Supporting Files */ = {
			isa = PBXGroup;
			children = (
				7FAD14741921BC5F001EF818 /* RadioButtonDemo-Info.plist */,
				7FAD14751921BC5F001EF818 /* InfoPlist.strings */,
				7FAD14781921BC5F001EF818 /* main.m */,
				7FAD147A1921BC5F001EF818 /* RadioButtonDemo-Prefix.pch */,
			);
			name = "Supporting Files";
			sourceTree = "<group>";
		};
		7FAD14911921BC5F001EF818 /* RadioButtonDemoTests */ = {
			isa = PBXGroup;
			children = (
				7FAD14971921BC5F001EF818 /* RadioButtonDemoTests.m */,
				7FAD14921921BC5F001EF818 /* Supporting Files */,
			);
			path = RadioButtonDemoTests;
			sourceTree = "<group>";
		};
		7FAD14921921BC5F001EF818 /* Supporting Files */ = {
			isa = PBXGroup;
			children = (
				7FAD14931921BC5F001EF818 /* RadioButtonDemoTests-Info.plist */,
				7FAD14941921BC5F001EF818 /* InfoPlist.strings */,
			);
			name = "Supporting Files";
			sourceTree = "<group>";
		};
/* End PBXGroup section */

/* Begin PBXNativeTarget section */
		7FAD14681921BC5F001EF818 /* RadioButtonDemo */ = {
			isa = PBXNativeTarget;
			buildConfigurationList = 7FAD149B1921BC5F001EF818 /* Build configuration list for PBXNativeTarget "RadioButtonDemo" */;
			buildPhases = (
				7FAD14651921BC5F001EF818 /* Sources */,
				7FAD14661921BC5F001EF818 /* Frameworks */,
				7FAD14671921BC5F001EF818 /* Resources */,
			);
			buildRules = (
			);
			dependencies = (
			);
			name = RadioButtonDemo;
			productName = RadioButtonDemo;
			productReference = 7FAD14691921BC5F001EF818 /* RadioButtonDemo.app */;
			productType = "com.apple.product-type.application";
		};
		7FAD14891921BC5F001EF818 /* RadioButtonDemoTests */ = {
			isa = PBXNativeTarget;
			buildConfigurationList = 7FAD149E1921BC5F001EF818 /* Build configuration list for PBXNativeTarget "RadioButtonDemoTests" */;
			buildPhases = (
				7FAD14861921BC5F001EF818 /* Sources */,
				7FAD14871921BC5F001EF818 /* Frameworks */,
				7FAD14881921BC5F001EF818 /* Resources */,
			);
			buildRules = (
			);
			dependencies = (
				7FAD14901921BC5F001EF818 /* PBXTargetDependency */,
			);
			name = RadioButtonDemoTests;
			productName = RadioButtonDemoTests;
			productReference = 7FAD148A1921BC5F001EF818 /* RadioButtonDemoTests.xctest */;
			productType = "com.apple.product-type.bundle.unit-test";
		};
/* End PBXNativeTarget section */

/* Begin PBXProject section */
		7FAD14611921BC5F001EF818 /* Project object */ = {
			isa = PBXProject;
			attributes = {
				LastUpgradeCheck = 0510;
				ORGANIZATIONNAME = ZhangDongQianKun;
				TargetAttributes = {
					7FAD14891921BC5F001EF818 = {
						TestTargetID = 7FAD14681921BC5F001EF818;
					};
				};
			};
			buildConfigurationList = 7FAD14641921BC5F001EF818 /* Build configuration list for PBXProject "RadioButtonDemo" */;
			compatibilityVersion = "Xcode 3.2";
			developmentRegion = English;
			hasScannedForEncodings = 0;
			knownRegions = (
				en,
				Base,
			);
			mainGroup = 7FAD14601921BC5F001EF818;
			productRefGroup = 7FAD146A1921BC5F001EF818 /* Products */;
			projectDirPath = "";
			projectRoot = "";
			targets = (
				7FAD14681921BC5F001EF818 /* RadioButtonDemo */,
				7FAD14891921BC5F001EF818 /* RadioButtonDemoTests */,
			);
		};
/* End PBXProject section */

/* Begin PBXResourcesBuildPhase section */
		7FAD14671921BC5F001EF818 /* Resources */ = {
			isa = PBXResourcesBuildPhase;
			buildActionMask = 2147483647;
			files = (
				7FAD14AA1921BCCB001EF818 /* RadioButton-Unselected.png in Resources */,
				7FAD14A91921BCCB001EF818 /* RadioButton-Selected.png in Resources */,
				7FAD14851921BC5F001EF818 /* Images.xcassets in Resources */,
				7FAD14771921BC5F001EF818 /* InfoPlist.strings in Resources */,
				7FAD14801921BC5F001EF818 /* Main.storyboard in Resources */,
			);
			runOnlyForDeploymentPostprocessing = 0;
		};
		7FAD14881921BC5F001EF818 /* Resources */ = {
			isa = PBXResourcesBuildPhase;
			buildActionMask = 2147483647;
			files = (
				7FAD14961921BC5F001EF818 /* InfoPlist.strings in Resources */,
			);
			runOnlyForDeploymentPostprocessing = 0;
		};
/* End PBXResourcesBuildPhase section */

/* Begin PBXSourcesBuildPhase section */
		7FAD14651921BC5F001EF818 /* Sources */ = {
			isa = PBXSourcesBuildPhase;
			buildActionMask = 2147483647;
			files = (
				7FAD14831921BC5F001EF818 /* ViewController.m in Sources */,
				7FAD147D1921BC5F001EF818 /* AppDelegate.m in Sources */,
				7FAD14791921BC5F001EF818 /* main.m in Sources */,
				7FAD14A51921BC7C001EF818 /* RadioButton.m in Sources */,
			);
			runOnlyForDeploymentPostprocessing = 0;
		};
		7FAD14861921BC5F001EF818 /* Sources */ = {
			isa = PBXSourcesBuildPhase;
			buildActionMask = 2147483647;
			files = (
				7FAD14981921BC5F001EF818 /* RadioButtonDemoTests.m in Sources */,
			);
			runOnlyForDeploymentPostprocessing = 0;
		};
/* End PBXSourcesBuildPhase section */

/* Begin PBXTargetDependency section */
		7FAD14901921BC5F001EF818 /* PBXTargetDependency */ = {
			isa = PBXTargetDependency;
			target = 7FAD14681921BC5F001EF818 /* RadioButtonDemo */;
			targetProxy = 7FAD148F1921BC5F001EF818 /* PBXContainerItemProxy */;
		};
/* End PBXTargetDependency section */

/* Begin PBXVariantGroup section */
		7FAD14751921BC5F001EF818 /* InfoPlist.strings */ = {
			isa = PBXVariantGroup;
			children = (
				7FAD14761921BC5F001EF818 /* en */,
			);
			name = InfoPlist.strings;
			sourceTree = "<group>";
		};
		7FAD147E1921BC5F001EF818 /* Main.storyboard */ = {
			isa = PBXVariantGroup;
			children = (
				7FAD147F1921BC5F001EF818 /* Base */,
			);
			name = Main.storyboard;
			sourceTree = "<group>";
		};
		7FAD14941921BC5F001EF818 /* InfoPlist.strings */ = {
			isa = PBXVariantGroup;
			children = (
				7FAD14951921BC5F001EF818 /* en */,
			);
			name = InfoPlist.strings;
			sourceTree = "<group>";
		};
/* End PBXVariantGroup section */

/* Begin XCBuildConfiguration section */
		7FAD14991921BC5F001EF818 /* Debug */ = {
			isa = XCBuildConfiguration;
			buildSettings = {
				ALWAYS_SEARCH_USER_PATHS = NO;
				CLANG_CXX_LANGUAGE_STANDARD = "gnu++0x";
				CLANG_CXX_LIBRARY = "libc++";
				CLANG_ENABLE_MODULES = YES;
				CLANG_ENABLE_OBJC_ARC = YES;
				CLANG_WARN_BOOL_CONVERSION = YES;
				CLANG_WARN_CONSTANT_CONVERSION = YES;
				CLANG_WARN_DIRECT_OBJC_ISA_USAGE = YES_ERROR;
				CLANG_WARN_EMPTY_BODY = YES;
				CLANG_WARN_ENUM_CONVERSION = YES;
				CLANG_WARN_INT_CONVERSION = YES;
				CLANG_WARN_OBJC_ROOT_CLASS = YES_ERROR;
				CLANG_WARN__DUPLICATE_METHOD_MATCH = YES;
				"CODE_SIGN_IDENTITY[sdk=iphoneos*]" = "iPhone Developer";
				COPY_PHASE_STRIP = NO;
				GCC_C_LANGUAGE_STANDARD = gnu99;
				GCC_DYNAMIC_NO_PIC = NO;
				GCC_OPTIMIZATION_LEVEL = 0;
				GCC_PREPROCESSOR_DEFINITIONS = (
					"DEBUG=1",
					"$(inherited)",
				);
				GCC_SYMBOLS_PRIVATE_EXTERN = NO;
				GCC_WARN_64_TO_32_BIT_CONVERSION = YES;
				GCC_WARN_ABOUT_RETURN_TYPE = YES_ERROR;
				GCC_WARN_UNDECLARED_SELECTOR = YES;
				GCC_WARN_UNINITIALIZED_AUTOS = YES_AGGRESSIVE;
				GCC_WARN_UNUSED_FUNCTION = YES;
				GCC_WARN_UNUSED_VARIABLE = YES;
				IPHONEOS_DEPLOYMENT_TARGET = 7.1;
				ONLY_ACTIVE_ARCH = YES;
				SDKROOT = iphoneos;
			};
			name = Debug;
		};
		7FAD149A1921BC5F001EF818 /* Release */ = {
			isa = XCBuildConfiguration;
			buildSettings = {
				ALWAYS_SEARCH_USER_PATHS = NO;
				CLANG_CXX_LANGUAGE_STANDARD = "gnu++0x";
				CLANG_CXX_LIBRARY = "libc++";
				CLANG_ENABLE_MODULES = YES;
				CLANG_ENABLE_OBJC_ARC = YES;
				CLANG_WARN_BOOL_CONVERSION = YES;
				CLANG_WARN_CONSTANT_CONVERSION = YES;
				CLANG_WARN_DIRECT_OBJC_ISA_USAGE = YES_ERROR;
				CLANG_WARN_EMPTY_BODY = YES;
				CLANG_WARN_ENUM_CONVERSION = YES;
				CLANG_WARN_INT_CONVERSION = YES;
				CLANG_WARN_OBJC_ROOT_CLASS = YES_ERROR;
				CLANG_WARN__DUPLICATE_METHOD_MATCH = YES;
				"CODE_SIGN_IDENTITY[sdk=iphoneos*]" = "iPhone Developer";
				COPY_PHASE_STRIP = YES;
				ENABLE_NS_ASSERTIONS = NO;
				GCC_C_LANGUAGE_STANDARD = gnu99;
				GCC_WARN_64_TO_32_BIT_CONVERSION = YES;
				GCC_WARN_ABOUT_RETURN_TYPE = YES_ERROR;
				GCC_WARN_UNDECLARED_SELECTOR = YES;
				GCC_WARN_UNINITIALIZED_AUTOS = YES_AGGRESSIVE;
				GCC_WARN_UNUSED_FUNCTION = YES;
				GCC_WARN_UNUSED_VARIABLE = YES;
				IPHONEOS_DEPLOYMENT_TARGET = 7.1;
				SDKROOT = iphoneos;
				VALIDATE_PRODUCT = YES;
			};
			name = Release;
		};
		7FAD149C1921BC5F001EF818 /* Debug */ = {
			isa = XCBuildConfiguration;
			buildSettings = {
				ASSETCATALOG_COMPILER_APPICON_NAME = AppIcon;
				ASSETCATALOG_COMPILER_LAUNCHIMAGE_NAME = LaunchImage;
				GCC_PRECOMPILE_PREFIX_HEADER = YES;
				GCC_PREFIX_HEADER = "RadioButtonDemo/RadioButtonDemo-Prefix.pch";
				INFOPLIST_FILE = "RadioButtonDemo/RadioButtonDemo-Info.plist";
				PRODUCT_NAME = "$(TARGET_NAME)";
				WRAPPER_EXTENSION = app;
			};
			name = Debug;
		};
		7FAD149D1921BC5F001EF818 /* Release */ = {
			isa = XCBuildConfiguration;
			buildSettings = {
				ASSETCATALOG_COMPILER_APPICON_NAME = AppIcon;
				ASSETCATALOG_COMPILER_LAUNCHIMAGE_NAME = LaunchImage;
				GCC_PRECOMPILE_PREFIX_HEADER = YES;
				GCC_PREFIX_HEADER = "RadioButtonDemo/RadioButtonDemo-Prefix.pch";
				INFOPLIST_FILE = "RadioButtonDemo/RadioButtonDemo-Info.plist";
				PRODUCT_NAME = "$(TARGET_NAME)";
				WRAPPER_EXTENSION = app;
			};
			name = Release;
		};
		7FAD149F1921BC5F001EF818 /* Debug */ = {
			isa = XCBuildConfiguration;
			buildSettings = {
				BUNDLE_LOADER = "$(BUILT_PRODUCTS_DIR)/RadioButtonDemo.app/RadioButtonDemo";
				FRAMEWORK_SEARCH_PATHS = (
					"$(SDKROOT)/Developer/Library/Frameworks",
					"$(inherited)",
					"$(DEVELOPER_FRAMEWORKS_DIR)",
				);
				GCC_PRECOMPILE_PREFIX_HEADER = YES;
				GCC_PREFIX_HEADER = "RadioButtonDemo/RadioButtonDemo-Prefix.pch";
				GCC_PREPROCESSOR_DEFINITIONS = (
					"DEBUG=1",
					"$(inherited)",
				);
				INFOPLIST_FILE = "RadioButtonDemoTests/RadioButtonDemoTests-Info.plist";
				PRODUCT_NAME = "$(TARGET_NAME)";
				TEST_HOST = "$(BUNDLE_LOADER)";
				WRAPPER_EXTENSION = xctest;
			};
			name = Debug;
		};
		7FAD14A01921BC5F001EF818 /* Release */ = {
			isa = XCBuildConfiguration;
			buildSettings = {
				BUNDLE_LOADER = "$(BUILT_PRODUCTS_DIR)/RadioButtonDemo.app/RadioButtonDemo";
				FRAMEWORK_SEARCH_PATHS = (
					"$(SDKROOT)/Developer/Library/Frameworks",
					"$(inherited)",
					"$(DEVELOPER_FRAMEWORKS_DIR)",
				);
				GCC_PRECOMPILE_PREFIX_HEADER = YES;
				GCC_PREFIX_HEADER = "RadioButtonDemo/RadioButtonDemo-Prefix.pch";
				INFOPLIST_FILE = "RadioButtonDemoTests/RadioButtonDemoTests-Info.plist";
				PRODUCT_NAME = "$(TARGET_NAME)";
				TEST_HOST = "$(BUNDLE_LOADER)";
				WRAPPER_EXTENSION = xctest;
			};
			name = Release;
		};
/* End XCBuildConfiguration section */

/* Begin XCConfigurationList section */
		7FAD14641921BC5F001EF818 /* Build configuration list for PBXProject "RadioButtonDemo" */ = {
			isa = XCConfigurationList;
			buildConfigurations = (
				7FAD14991921BC5F001EF818 /* Debug */,
				7FAD149A1921BC5F001EF818 /* Release */,
			);
			defaultConfigurationIsVisible = 0;
			defaultConfigurationName = Release;
		};
		7FAD149B1921BC5F001EF818 /* Build configuration list for PBXNativeTarget "RadioButtonDemo" */ = {
			isa = XCConfigurationList;
			buildConfigurations = (
				7FAD149C1921BC5F001EF818 /* Debug */,
				7FAD149D1921BC5F001EF818 /* Release */,
			);
			defaultConfigurationIsVisible = 0;
		};
		7FAD149E1921BC5F001EF818 /* Build configuration list for PBXNativeTarget "RadioButtonDemoTests" */ = {
			isa = XCConfigurationList;
			buildConfigurations = (
				7FAD149F1921BC5F001EF818 /* Debug */,
				7FAD14A01921BC5F001EF818 /* Release */,
			);
			defaultConfigurationIsVisible = 0;
		};
/* End XCConfigurationList section */
	};
	rootObject = 7FAD14611921BC5F001EF818 /* Project object */;
}
